
Microsoft Visual Studio Solution File, Format Version 12.00
# Visual Studio Version 17
VisualStudioVersion = 17.13.35828.75 d17.13
MinimumVisualStudioVersion = 10.0.40219.1
Project("{FAE04EC0-301F-11D3-BF4B-00C04F79EFBC}") = "SuppliersAPI", "SuppliersAPI\SuppliersAPI.csproj", "{4533C59B-F146-49AD-9A3D-2BDD8946F8D3}"
EndProject
Global
	GlobalSection(SolutionConfigurationPlatforms) = preSolution
		Debug|Any CPU = Debug|Any CPU
		Release|Any CPU = Release|Any CPU
	EndGlobalSection
	GlobalSection(ProjectConfigurationPlatforms) = postSolution
		{4533C59B-F146-49AD-9A3D-2BDD8946F8D3}.Debug|Any CPU.ActiveCfg = Debug|Any CPU
		{4533C59B-F146-49AD-9A3D-2BDD8946F8D3}.Debug|Any CPU.Build.0 = Debug|Any CPU
		{4533C59B-F146-49AD-9A3D-2BDD8946F8D3}.Release|Any CPU.ActiveCfg = Release|Any CPU
		{4533C59B-F146-49AD-9A3D-2BDD8946F8D3}.Release|Any CPU.Build.0 = Release|Any CPU
	EndGlobalSection
	GlobalSection(SolutionProperties) = preSolution
		HideSolutionNode = FALSE
	EndGlobalSection
	GlobalSection(ExtensibilityGlobals) = postSolution
		SolutionGuid = {A198675C-8231-4503-9D9E-1DED64AB52E7}
	EndGlobalSection
EndGlobal
